
Microsoft Visual Studio Solution File, Format Version 12.00
# Visual Studio Version 16
VisualStudioVersion = 16.0.30413.136
MinimumVisualStudioVersion = 10.0.40219.1
Project("{FAE04EC0-301F-11D3-BF4B-00C04F79EFBC}") = "localcinema", "assignment2\localcinema.csproj", "{138050CB-9734-493F-9B02-AA9D52A017F2}"
EndProject
Global
	GlobalSection(SolutionConfigurationPlatforms) = preSolution
		Debug|Any CPU = Debug|Any CPU
		Release|Any CPU = Release|Any CPU
	EndGlobalSection
	GlobalSection(ProjectConfigurationPlatforms) = postSolution
		{138050CB-9734-493F-9B02-AA9D52A017F2}.Debug|Any CPU.ActiveCfg = Debug|Any CPU
		{138050CB-9734-493F-9B02-AA9D52A017F2}.Debug|Any CPU.Build.0 = Debug|Any CPU
		{138050CB-9734-493F-9B02-AA9D52A017F2}.Release|Any CPU.ActiveCfg = Release|Any CPU
		{138050CB-9734-493F-9B02-AA9D52A017F2}.Release|Any CPU.Build.0 = Release|Any CPU
	EndGlobalSection
	GlobalSection(SolutionProperties) = preSolution
		HideSolutionNode = FALSE
	EndGlobalSection
	GlobalSection(ExtensibilityGlobals) = postSolution
		SolutionGuid = {D181DF79-6FFD-414D-9B59-8929AE0D9F6D}
	EndGlobalSection
EndGlobal
